
Microsoft Visual Studio Solution File, Format Version 12.00
# Visual Studio Version 17
VisualStudioVersion = 17.5.33516.290
MinimumVisualStudioVersion = 10.0.40219.1
Project("{FAE04EC0-301F-11D3-BF4B-00C04F79EFBC}") = "Playground", "Playground\Playground.csproj", "{A8B2040F-E091-496A-9F83-84BB89A4FE53}"
EndProject
Global
	GlobalSection(SolutionConfigurationPlatforms) = preSolution
		Debug|Any CPU = Debug|Any CPU
		Release|Any CPU = Release|Any CPU
	EndGlobalSection
	GlobalSection(ProjectConfigurationPlatforms) = postSolution
		{A8B2040F-E091-496A-9F83-84BB89A4FE53}.Debug|Any CPU.ActiveCfg = Debug|Any CPU
		{A8B2040F-E091-496A-9F83-84BB89A4FE53}.Debug|Any CPU.Build.0 = Debug|Any CPU
		{A8B2040F-E091-496A-9F83-84BB89A4FE53}.Release|Any CPU.ActiveCfg = Release|Any CPU
		{A8B2040F-E091-496A-9F83-84BB89A4FE53}.Release|Any CPU.Build.0 = Release|Any CPU
	EndGlobalSection
	GlobalSection(SolutionProperties) = preSolution
		HideSolutionNode = FALSE
	EndGlobalSection
	GlobalSection(ExtensibilityGlobals) = postSolution
		SolutionGuid = {5CD68390-2013-49CD-B618-392D12C0AE99}
	EndGlobalSection
EndGlobal
